
Microsoft Visual Studio Solution File, Format Version 12.00
# Visual Studio Version 17
VisualStudioVersion = 17.9.34607.119
MinimumVisualStudioVersion = 10.0.40219.1
Project("{FAE04EC0-301F-11D3-BF4B-00C04F79EFBC}") = "trokhymchuk_wpf", "trokhymchuk_wpf\trokhymchuk_wpf.csproj", "{BFC5FBC4-06EA-4258-BFA9-DB6B071F3B9C}"
EndProject
Global
	GlobalSection(SolutionConfigurationPlatforms) = preSolution
		Debug|Any CPU = Debug|Any CPU
		Release|Any CPU = Release|Any CPU
	EndGlobalSection
	GlobalSection(ProjectConfigurationPlatforms) = postSolution
		{BFC5FBC4-06EA-4258-BFA9-DB6B071F3B9C}.Debug|Any CPU.ActiveCfg = Debug|Any CPU
		{BFC5FBC4-06EA-4258-BFA9-DB6B071F3B9C}.Debug|Any CPU.Build.0 = Debug|Any CPU
		{BFC5FBC4-06EA-4258-BFA9-DB6B071F3B9C}.Release|Any CPU.ActiveCfg = Release|Any CPU
		{BFC5FBC4-06EA-4258-BFA9-DB6B071F3B9C}.Release|Any CPU.Build.0 = Release|Any CPU
	EndGlobalSection
	GlobalSection(SolutionProperties) = preSolution
		HideSolutionNode = FALSE
	EndGlobalSection
	GlobalSection(ExtensibilityGlobals) = postSolution
		SolutionGuid = {924FB4D9-AD7B-473A-8D57-6622C7DD94C8}
	EndGlobalSection
EndGlobal
